
Microsoft Visual Studio Solution File, Format Version 12.00
# Visual Studio Version 16
VisualStudioVersion = 16.0.31321.278
MinimumVisualStudioVersion = 10.0.40219.1
Project("{FAE04EC0-301F-11D3-BF4B-00C04F79EFBC}") = "BikeShop", "BikeShop\BikeShop.csproj", "{0FE767CD-C774-4203-AC9F-1D51FF890DFD}"
EndProject
Global
	GlobalSection(SolutionConfigurationPlatforms) = preSolution
		Debug|Any CPU = Debug|Any CPU
		Release|Any CPU = Release|Any CPU
	EndGlobalSection
	GlobalSection(ProjectConfigurationPlatforms) = postSolution
		{0FE767CD-C774-4203-AC9F-1D51FF890DFD}.Debug|Any CPU.ActiveCfg = Debug|Any CPU
		{0FE767CD-C774-4203-AC9F-1D51FF890DFD}.Debug|Any CPU.Build.0 = Debug|Any CPU
		{0FE767CD-C774-4203-AC9F-1D51FF890DFD}.Release|Any CPU.ActiveCfg = Release|Any CPU
		{0FE767CD-C774-4203-AC9F-1D51FF890DFD}.Release|Any CPU.Build.0 = Release|Any CPU
	EndGlobalSection
	GlobalSection(SolutionProperties) = preSolution
		HideSolutionNode = FALSE
	EndGlobalSection
	GlobalSection(ExtensibilityGlobals) = postSolution
		SolutionGuid = {6E254E27-C4AF-4498-A04B-3E40C481332A}
	EndGlobalSection
EndGlobal
